
Microsoft Visual Studio Solution File, Format Version 12.00
# Visual Studio Version 17
VisualStudioVersion = 17.5.33424.131
MinimumVisualStudioVersion = 10.0.40219.1
Project("{8BC9CEB8-8B4A-11D0-8D11-00A0C91BC942}") = "ParadigmaOOP_109", "ParadigmaOOP_109\ParadigmaOOP_109.vcxproj", "{86F3BCFD-B13F-4A0B-AE06-AAA740C9A81C}"
EndProject
Project("{8BC9CEB8-8B4A-11D0-8D11-00A0C91BC942}") = "Asosiasi", "Asosiasi\Asosiasi.vcxproj", "{E1741266-6ACA-4FE1-A329-9EBC96650617}"
EndProject
Project("{8BC9CEB8-8B4A-11D0-8D11-00A0C91BC942}") = "mainIA", "mainIA\mainIA.vcxproj", "{FA6A1B5D-A886-4C6D-92AF-8FD570C6871F}"
EndProject
Project("{8BC9CEB8-8B4A-11D0-8D11-00A0C91BC942}") = "mainJM", "mainJM\mainJM.vcxproj", "{0D732D79-BDF5-42D5-8012-1F1352227695}"
EndProject
Project("{8BC9CEB8-8B4A-11D0-8D11-00A0C91BC942}") = "memberinitlist", "memberinitlist\memberinitlist.vcxproj", "{A879855B-C478-42F4-9D7A-C04C270C86D4}"
EndProject
Global
	GlobalSection(SolutionConfigurationPlatforms) = preSolution
		Debug|x64 = Debug|x64
		Debug|x86 = Debug|x86
		Release|x64 = Release|x64
		Release|x86 = Release|x86
	EndGlobalSection
	GlobalSection(ProjectConfigurationPlatforms) = postSolution
		{86F3BCFD-B13F-4A0B-AE06-AAA740C9A81C}.Debug|x64.ActiveCfg = Debug|x64
		{86F3BCFD-B13F-4A0B-AE06-AAA740C9A81C}.Debug|x64.Build.0 = Debug|x64
		{86F3BCFD-B13F-4A0B-AE06-AAA740C9A81C}.Debug|x86.ActiveCfg = Debug|Win32
		{86F3BCFD-B13F-4A0B-AE06-AAA740C9A81C}.Debug|x86.Build.0 = Debug|Win32
		{86F3BCFD-B13F-4A0B-AE06-AAA740C9A81C}.Release|x64.ActiveCfg = Release|x64
		{86F3BCFD-B13F-4A0B-AE06-AAA740C9A81C}.Release|x64.Build.0 = Release|x64
		{86F3BCFD-B13F-4A0B-AE06-AAA740C9A81C}.Release|x86.ActiveCfg = Release|Win32
		{86F3BCFD-B13F-4A0B-AE06-AAA740C9A81C}.Release|x86.Build.0 = Release|Win32
		{E1741266-6ACA-4FE1-A329-9EBC96650617}.Debug|x64.ActiveCfg = Debug|x64
		{E1741266-6ACA-4FE1-A329-9EBC96650617}.Debug|x64.Build.0 = Debug|x64
		{E1741266-6ACA-4FE1-A329-9EBC96650617}.Debug|x86.ActiveCfg = Debug|Win32
		{E1741266-6ACA-4FE1-A329-9EBC96650617}.Debug|x86.Build.0 = Debug|Win32
		{E1741266-6ACA-4FE1-A329-9EBC96650617}.Release|x64.ActiveCfg = Release|x64
		{E1741266-6ACA-4FE1-A329-9EBC96650617}.Release|x64.Build.0 = Release|x64
		{E1741266-6ACA-4FE1-A329-9EBC96650617}.Release|x86.ActiveCfg = Release|Win32
		{E1741266-6ACA-4FE1-A329-9EBC96650617}.Release|x86.Build.0 = Release|Win32
		{FA6A1B5D-A886-4C6D-92AF-8FD570C6871F}.Debug|x64.ActiveCfg = Debug|x64
		{FA6A1B5D-A886-4C6D-92AF-8FD570C6871F}.Debug|x64.Build.0 = Debug|x64
		{FA6A1B5D-A886-4C6D-92AF-8FD570C6871F}.Debug|x86.ActiveCfg = Debug|Win32
		{FA6A1B5D-A886-4C6D-92AF-8FD570C6871F}.Debug|x86.Build.0 = Debug|Win32
		{FA6A1B5D-A886-4C6D-92AF-8FD570C6871F}.Release|x64.ActiveCfg = Release|x64
		{FA6A1B5D-A886-4C6D-92AF-8FD570C6871F}.Release|x64.Build.0 = Release|x64
		{FA6A1B5D-A886-4C6D-92AF-8FD570C6871F}.Release|x86.ActiveCfg = Release|Win32
		{FA6A1B5D-A886-4C6D-92AF-8FD570C6871F}.Release|x86.Build.0 = Release|Win32
		{0D732D79-BDF5-42D5-8012-1F1352227695}.Debug|x64.ActiveCfg = Debug|x64
		{0D732D79-BDF5-42D5-8012-1F1352227695}.Debug|x64.Build.0 = Debug|x64
		{0D732D79-BDF5-42D5-8012-1F1352227695}.Debug|x86.ActiveCfg = Debug|Win32
		{0D732D79-BDF5-42D5-8012-1F1352227695}.Debug|x86.Build.0 = Debug|Win32
		{0D732D79-BDF5-42D5-8012-1F1352227695}.Release|x64.ActiveCfg = Release|x64
		{0D732D79-BDF5-42D5-8012-1F1352227695}.Release|x64.Build.0 = Release|x64
		{0D732D79-BDF5-42D5-8012-1F1352227695}.Release|x86.ActiveCfg = Release|Win32
		{0D732D79-BDF5-42D5-8012-1F1352227695}.Release|x86.Build.0 = Release|Win32
		{A879855B-C478-42F4-9D7A-C04C270C86D4}.Debug|x64.ActiveCfg = Debug|x64
		{A879855B-C478-42F4-9D7A-C04C270C86D4}.Debug|x64.Build.0 = Debug|x64
		{A879855B-C478-42F4-9D7A-C04C270C86D4}.Debug|x86.ActiveCfg = Debug|Win32
		{A879855B-C478-42F4-9D7A-C04C270C86D4}.Debug|x86.Build.0 = Debug|Win32
		{A879855B-C478-42F4-9D7A-C04C270C86D4}.Release|x64.ActiveCfg = Release|x64
		{A879855B-C478-42F4-9D7A-C04C270C86D4}.Release|x64.Build.0 = Release|x64
		{A879855B-C478-42F4-9D7A-C04C270C86D4}.Release|x86.ActiveCfg = Release|Win32
		{A879855B-C478-42F4-9D7A-C04C270C86D4}.Release|x86.Build.0 = Release|Win32
	EndGlobalSection
	GlobalSection(SolutionProperties) = preSolution
		HideSolutionNode = FALSE
	EndGlobalSection
	GlobalSection(ExtensibilityGlobals) = postSolution
		SolutionGuid = {B5481757-8110-40C4-982C-DDD052613E18}
	EndGlobalSection
EndGlobal
